
Microsoft Visual Studio Solution File, Format Version 12.00
# Visual Studio Version 16
VisualStudioVersion = 16.0.31313.79
MinimumVisualStudioVersion = 10.0.40219.1
Project("{D954291E-2A0B-460D-934E-DC6B0785DB48}") = "ClickDummy.Shared", "ClickDummy\ClickDummy.Shared\ClickDummy.Shared.shproj", "{6279C845-92F8-4333-AB99-3D213163593C}"
EndProject
Project("{2150E333-8FDC-42A3-9474-1A3956D46DE8}") = "Platforms", "Platforms", "{6775EFC4-CB71-4D5B-A77A-6B5E74419B30}"
EndProject
Project("{FAE04EC0-301F-11D3-BF4B-00C04F79EFBC}") = "ClickDummy.Droid", "ClickDummy\ClickDummy.Droid\ClickDummy.Droid.csproj", "{211AABC7-98DE-494E-9842-754271A994BD}"
EndProject
Project("{FAE04EC0-301F-11D3-BF4B-00C04F79EFBC}") = "ClickDummy.iOS", "ClickDummy\ClickDummy.iOS\ClickDummy.iOS.csproj", "{9566B973-CDC3-41F9-8AE8-1104627B216B}"
EndProject
Project("{FAE04EC0-301F-11D3-BF4B-00C04F79EFBC}") = "ClickDummy.UWP", "ClickDummy\ClickDummy.UWP\ClickDummy.UWP.csproj", "{0C9A7623-3176-4991-BE4E-BF53F8D6F9EA}"
EndProject
Project("{9A19103F-16F7-4668-BE54-9A1E7A4F7556}") = "ClickDummy.Wasm", "ClickDummy\ClickDummy.Wasm\ClickDummy.Wasm.csproj", "{20CBB40D-4083-49EF-96CC-DC4E5D9413D8}"
EndProject
Project("{FAE04EC0-301F-11D3-BF4B-00C04F79EFBC}") = "ClickDummy.macOS", "ClickDummy\ClickDummy.macOS\ClickDummy.macOS.csproj", "{CC74D715-F6B9-41D6-A2C5-2AF37C0C58CE}"
EndProject
Project("{9A19103F-16F7-4668-BE54-9A1E7A4F7556}") = "ClickDummy.Skia.Gtk", "ClickDummy\ClickDummy.Skia.Gtk\ClickDummy.Skia.Gtk.csproj", "{935013F8-8035-43E9-AE1B-222C568FA0D3}"
EndProject
Global
	GlobalSection(SharedMSBuildProjectFiles) = preSolution
		ClickDummy\ClickDummy.Shared\ClickDummy.Shared.projitems*{0c9a7623-3176-4991-be4e-bf53f8d6f9ea}*SharedItemsImports = 4
		ClickDummy\ClickDummy.Shared\ClickDummy.Shared.projitems*{20cbb40d-4083-49ef-96cc-dc4e5d9413d8}*SharedItemsImports = 5
		ClickDummy\ClickDummy.Shared\ClickDummy.Shared.projitems*{211aabc7-98de-494e-9842-754271a994bd}*SharedItemsImports = 4
		ClickDummy\ClickDummy.Shared\ClickDummy.Shared.projitems*{6279c845-92f8-4333-ab99-3d213163593c}*SharedItemsImports = 13
		ClickDummy\ClickDummy.Shared\ClickDummy.Shared.projitems*{935013f8-8035-43e9-ae1b-222c568fa0d3}*SharedItemsImports = 5
		ClickDummy\ClickDummy.Shared\ClickDummy.Shared.projitems*{9566b973-cdc3-41f9-8ae8-1104627b216b}*SharedItemsImports = 4
		ClickDummy\ClickDummy.Shared\ClickDummy.Shared.projitems*{cc74d715-f6b9-41d6-a2c5-2af37c0c58ce}*SharedItemsImports = 4
	EndGlobalSection
	GlobalSection(SolutionConfigurationPlatforms) = preSolution
		Ad-Hoc|Any CPU = Ad-Hoc|Any CPU
		Ad-Hoc|ARM = Ad-Hoc|ARM
		Ad-Hoc|ARM64 = Ad-Hoc|ARM64
		Ad-Hoc|iPhone = Ad-Hoc|iPhone
		Ad-Hoc|iPhoneSimulator = Ad-Hoc|iPhoneSimulator
		Ad-Hoc|x64 = Ad-Hoc|x64
		Ad-Hoc|x86 = Ad-Hoc|x86
		AppStore|Any CPU = AppStore|Any CPU
		AppStore|ARM = AppStore|ARM
		AppStore|ARM64 = AppStore|ARM64
		AppStore|iPhone = AppStore|iPhone
		AppStore|iPhoneSimulator = AppStore|iPhoneSimulator
		AppStore|x64 = AppStore|x64
		AppStore|x86 = AppStore|x86
		Debug|Any CPU = Debug|Any CPU
		Debug|ARM = Debug|ARM
		Debug|ARM64 = Debug|ARM64
		Debug|iPhone = Debug|iPhone
		Debug|iPhoneSimulator = Debug|iPhoneSimulator
		Debug|x64 = Debug|x64
		Debug|x86 = Debug|x86
		Release|Any CPU = Release|Any CPU
		Release|ARM = Release|ARM
		Release|ARM64 = Release|ARM64
		Release|iPhone = Release|iPhone
		Release|iPhoneSimulator = Release|iPhoneSimulator
		Release|x64 = Release|x64
		Release|x86 = Release|x86
	EndGlobalSection
	GlobalSection(ProjectConfigurationPlatforms) = postSolution
		{211AABC7-98DE-494E-9842-754271A994BD}.Ad-Hoc|Any CPU.ActiveCfg = Debug|Any CPU
		{211AABC7-98DE-494E-9842-754271A994BD}.Ad-Hoc|Any CPU.Build.0 = Debug|Any CPU
		{211AABC7-98DE-494E-9842-754271A994BD}.Ad-Hoc|Any CPU.Deploy.0 = Debug|Any CPU
		{211AABC7-98DE-494E-9842-754271A994BD}.Ad-Hoc|ARM.ActiveCfg = Debug|Any CPU
		{211AABC7-98DE-494E-9842-754271A994BD}.Ad-Hoc|ARM.Build.0 = Debug|Any CPU
		{211AABC7-98DE-494E-9842-754271A994BD}.Ad-Hoc|ARM.Deploy.0 = Debug|Any CPU
		{211AABC7-98DE-494E-9842-754271A994BD}.Ad-Hoc|ARM64.ActiveCfg = Debug|Any CPU
		{211AABC7-98DE-494E-9842-754271A994BD}.Ad-Hoc|ARM64.Build.0 = Debug|Any CPU
		{211AABC7-98DE-494E-9842-754271A994BD}.Ad-Hoc|ARM64.Deploy.0 = Debug|Any CPU
		{211AABC7-98DE-494E-9842-754271A994BD}.Ad-Hoc|iPhone.ActiveCfg = Debug|Any CPU
		{211AABC7-98DE-494E-9842-754271A994BD}.Ad-Hoc|iPhone.Build.0 = Debug|Any CPU
		{211AABC7-98DE-494E-9842-754271A994BD}.Ad-Hoc|iPhone.Deploy.0 = Debug|Any CPU
		{211AABC7-98DE-494E-9842-754271A994BD}.Ad-Hoc|iPhoneSimulator.ActiveCfg = Debug|Any CPU
		{211AABC7-98DE-494E-9842-754271A994BD}.Ad-Hoc|iPhoneSimulator.Build.0 = Debug|Any CPU
		{211AABC7-98DE-494E-9842-754271A994BD}.Ad-Hoc|iPhoneSimulator.Deploy.0 = Debug|Any CPU
		{211AABC7-98DE-494E-9842-754271A994BD}.Ad-Hoc|x64.ActiveCfg = Debug|Any CPU
		{211AABC7-98DE-494E-9842-754271A994BD}.Ad-Hoc|x64.Build.0 = Debug|Any CPU
		{211AABC7-98DE-494E-9842-754271A994BD}.Ad-Hoc|x64.Deploy.0 = Debug|Any CPU
		{211AABC7-98DE-494E-9842-754271A994BD}.Ad-Hoc|x86.ActiveCfg = Debug|Any CPU
		{211AABC7-98DE-494E-9842-754271A994BD}.Ad-Hoc|x86.Build.0 = Debug|Any CPU
		{211AABC7-98DE-494E-9842-754271A994BD}.Ad-Hoc|x86.Deploy.0 = Debug|Any CPU
		{211AABC7-98DE-494E-9842-754271A994BD}.AppStore|Any CPU.ActiveCfg = Debug|Any CPU
		{211AABC7-98DE-494E-9842-754271A994BD}.AppStore|Any CPU.Build.0 = Debug|Any CPU
		{211AABC7-98DE-494E-9842-754271A994BD}.AppStore|Any CPU.Deploy.0 = Debug|Any CPU
		{211AABC7-98DE-494E-9842-754271A994BD}.AppStore|ARM.ActiveCfg = Debug|Any CPU
		{211AABC7-98DE-494E-9842-754271A994BD}.AppStore|ARM.Build.0 = Debug|Any CPU
		{211AABC7-98DE-494E-9842-754271A994BD}.AppStore|ARM.Deploy.0 = Debug|Any CPU
		{211AABC7-98DE-494E-9842-754271A994BD}.AppStore|ARM64.ActiveCfg = Debug|Any CPU
		{211AABC7-98DE-494E-9842-754271A994BD}.AppStore|ARM64.Build.0 = Debug|Any CPU
		{211AABC7-98DE-494E-9842-754271A994BD}.AppStore|ARM64.Deploy.0 = Debug|Any CPU
		{211AABC7-98DE-494E-9842-754271A994BD}.AppStore|iPhone.ActiveCfg = Debug|Any CPU
		{211AABC7-98DE-494E-9842-754271A994BD}.AppStore|iPhone.Build.0 = Debug|Any CPU
		{211AABC7-98DE-494E-9842-754271A994BD}.AppStore|iPhone.Deploy.0 = Debug|Any CPU
		{211AABC7-98DE-494E-9842-754271A994BD}.AppStore|iPhoneSimulator.ActiveCfg = Debug|Any CPU
		{211AABC7-98DE-494E-9842-754271A994BD}.AppStore|iPhoneSimulator.Build.0 = Debug|Any CPU
		{211AABC7-98DE-494E-9842-754271A994BD}.AppStore|iPhoneSimulator.Deploy.0 = Debug|Any CPU
		{211AABC7-98DE-494E-9842-754271A994BD}.AppStore|x64.ActiveCfg = Debug|Any CPU
		{211AABC7-98DE-494E-9842-754271A994BD}.AppStore|x64.Build.0 = Debug|Any CPU
		{211AABC7-98DE-494E-9842-754271A994BD}.AppStore|x64.Deploy.0 = Debug|Any CPU
		{211AABC7-98DE-494E-9842-754271A994BD}.AppStore|x86.ActiveCfg = Debug|Any CPU
		{211AABC7-98DE-494E-9842-754271A994BD}.AppStore|x86.Build.0 = Debug|Any CPU
		{211AABC7-98DE-494E-9842-754271A994BD}.AppStore|x86.Deploy.0 = Debug|Any CPU
		{211AABC7-98DE-494E-9842-754271A994BD}.Debug|Any CPU.ActiveCfg = Debug|Any CPU
		{211AABC7-98DE-494E-9842-754271A994BD}.Debug|Any CPU.Build.0 = Debug|Any CPU
		{211AABC7-98DE-494E-9842-754271A994BD}.Debug|Any CPU.Deploy.0 = Debug|Any CPU
		{211AABC7-98DE-494E-9842-754271A994BD}.Debug|ARM.ActiveCfg = Debug|Any CPU
		{211AABC7-98DE-494E-9842-754271A994BD}.Debug|ARM.Build.0 = Debug|Any CPU
		{211AABC7-98DE-494E-9842-754271A994BD}.Debug|ARM.Deploy.0 = Debug|Any CPU
		{211AABC7-98DE-494E-9842-754271A994BD}.Debug|ARM64.ActiveCfg = Debug|Any CPU
		{211AABC7-98DE-494E-9842-754271A994BD}.Debug|ARM64.Build.0 = Debug|Any CPU
		{211AABC7-98DE-494E-9842-754271A994BD}.Debug|ARM64.Deploy.0 = Debug|Any CPU
		{211AABC7-98DE-494E-9842-754271A994BD}.Debug|iPhone.ActiveCfg = Debug|Any CPU
		{211AABC7-98DE-494E-9842-754271A994BD}.Debug|iPhone.Build.0 = Debug|Any CPU
		{211AABC7-98DE-494E-9842-754271A994BD}.Debug|iPhone.Deploy.0 = Debug|Any CPU
		{211AABC7-98DE-494E-9842-754271A994BD}.Debug|iPhoneSimulator.ActiveCfg = Debug|Any CPU
		{211AABC7-98DE-494E-9842-754271A994BD}.Debug|iPhoneSimulator.Build.0 = Debug|Any CPU
		{211AABC7-98DE-494E-9842-754271A994BD}.Debug|iPhoneSimulator.Deploy.0 = Debug|Any CPU
		{211AABC7-98DE-494E-9842-754271A994BD}.Debug|x64.ActiveCfg = Debug|Any CPU
		{211AABC7-98DE-494E-9842-754271A994BD}.Debug|x64.Build.0 = Debug|Any CPU
		{211AABC7-98DE-494E-9842-754271A994BD}.Debug|x64.Deploy.0 = Debug|Any CPU
		{211AABC7-98DE-494E-9842-754271A994BD}.Debug|x86.ActiveCfg = Debug|Any CPU
		{211AABC7-98DE-494E-9842-754271A994BD}.Debug|x86.Build.0 = Debug|Any CPU
		{211AABC7-98DE-494E-9842-754271A994BD}.Debug|x86.Deploy.0 = Debug|Any CPU
		{211AABC7-98DE-494E-9842-754271A994BD}.Release|Any CPU.ActiveCfg = Release|Any CPU
		{211AABC7-98DE-494E-9842-754271A994BD}.Release|Any CPU.Build.0 = Release|Any CPU
		{211AABC7-98DE-494E-9842-754271A994BD}.Release|Any CPU.Deploy.0 = Release|Any CPU
		{211AABC7-98DE-494E-9842-754271A994BD}.Release|ARM.ActiveCfg = Release|Any CPU
		{211AABC7-98DE-494E-9842-754271A994BD}.Release|ARM.Build.0 = Release|Any CPU
		{211AABC7-98DE-494E-9842-754271A994BD}.Release|ARM.Deploy.0 = Release|Any CPU
		{211AABC7-98DE-494E-9842-754271A994BD}.Release|ARM64.ActiveCfg = Release|Any CPU
		{211AABC7-98DE-494E-9842-754271A994BD}.Release|ARM64.Build.0 = Release|Any CPU
		{211AABC7-98DE-494E-9842-754271A994BD}.Release|ARM64.Deploy.0 = Release|Any CPU
		{211AABC7-98DE-494E-9842-754271A994BD}.Release|iPhone.ActiveCfg = Release|Any CPU
		{211AABC7-98DE-494E-9842-754271A994BD}.Release|iPhone.Build.0 = Release|Any CPU
		{211AABC7-98DE-494E-9842-754271A994BD}.Release|iPhone.Deploy.0 = Release|Any CPU
		{211AABC7-98DE-494E-9842-754271A994BD}.Release|iPhoneSimulator.ActiveCfg = Release|Any CPU
		{211AABC7-98DE-494E-9842-754271A994BD}.Release|iPhoneSimulator.Build.0 = Release|Any CPU
		{211AABC7-98DE-494E-9842-754271A994BD}.Release|iPhoneSimulator.Deploy.0 = Release|Any CPU
		{211AABC7-98DE-494E-9842-754271A994BD}.Release|x64.ActiveCfg = Release|Any CPU
		{211AABC7-98DE-494E-9842-754271A994BD}.Release|x64.Build.0 = Release|Any CPU
		{211AABC7-98DE-494E-9842-754271A994BD}.Release|x64.Deploy.0 = Release|Any CPU
		{211AABC7-98DE-494E-9842-754271A994BD}.Release|x86.ActiveCfg = Release|Any CPU
		{211AABC7-98DE-494E-9842-754271A994BD}.Release|x86.Build.0 = Release|Any CPU
		{211AABC7-98DE-494E-9842-754271A994BD}.Release|x86.Deploy.0 = Release|Any CPU
		{9566B973-CDC3-41F9-8AE8-1104627B216B}.Ad-Hoc|Any CPU.ActiveCfg = Ad-Hoc|iPhoneSimulator
		{9566B973-CDC3-41F9-8AE8-1104627B216B}.Ad-Hoc|ARM.ActiveCfg = Ad-Hoc|iPhoneSimulator
		{9566B973-CDC3-41F9-8AE8-1104627B216B}.Ad-Hoc|ARM64.ActiveCfg = Ad-Hoc|iPhoneSimulator
		{9566B973-CDC3-41F9-8AE8-1104627B216B}.Ad-Hoc|iPhone.ActiveCfg = Ad-Hoc|iPhone
		{9566B973-CDC3-41F9-8AE8-1104627B216B}.Ad-Hoc|iPhone.Build.0 = Ad-Hoc|iPhone
		{9566B973-CDC3-41F9-8AE8-1104627B216B}.Ad-Hoc|iPhoneSimulator.ActiveCfg = Ad-Hoc|iPhoneSimulator
		{9566B973-CDC3-41F9-8AE8-1104627B216B}.Ad-Hoc|iPhoneSimulator.Build.0 = Ad-Hoc|iPhoneSimulator
		{9566B973-CDC3-41F9-8AE8-1104627B216B}.Ad-Hoc|x64.ActiveCfg = Ad-Hoc|iPhoneSimulator
		{9566B973-CDC3-41F9-8AE8-1104627B216B}.Ad-Hoc|x86.ActiveCfg = Ad-Hoc|iPhoneSimulator
		{9566B973-CDC3-41F9-8AE8-1104627B216B}.AppStore|Any CPU.ActiveCfg = AppStore|iPhoneSimulator
		{9566B973-CDC3-41F9-8AE8-1104627B216B}.AppStore|ARM.ActiveCfg = AppStore|iPhoneSimulator
		{9566B973-CDC3-41F9-8AE8-1104627B216B}.AppStore|ARM64.ActiveCfg = AppStore|iPhoneSimulator
		{9566B973-CDC3-41F9-8AE8-1104627B216B}.AppStore|iPhone.ActiveCfg = AppStore|iPhone
		{9566B973-CDC3-41F9-8AE8-1104627B216B}.AppStore|iPhone.Build.0 = AppStore|iPhone
		{9566B973-CDC3-41F9-8AE8-1104627B216B}.AppStore|iPhoneSimulator.ActiveCfg = AppStore|iPhoneSimulator
		{9566B973-CDC3-41F9-8AE8-1104627B216B}.AppStore|iPhoneSimulator.Build.0 = AppStore|iPhoneSimulator
		{9566B973-CDC3-41F9-8AE8-1104627B216B}.AppStore|x64.ActiveCfg = AppStore|iPhoneSimulator
		{9566B973-CDC3-41F9-8AE8-1104627B216B}.AppStore|x86.ActiveCfg = AppStore|iPhoneSimulator
		{9566B973-CDC3-41F9-8AE8-1104627B216B}.Debug|Any CPU.ActiveCfg = Debug|iPhoneSimulator
		{9566B973-CDC3-41F9-8AE8-1104627B216B}.Debug|ARM.ActiveCfg = Debug|iPhoneSimulator
		{9566B973-CDC3-41F9-8AE8-1104627B216B}.Debug|ARM64.ActiveCfg = Debug|iPhoneSimulator
		{9566B973-CDC3-41F9-8AE8-1104627B216B}.Debug|iPhone.ActiveCfg = Debug|iPhone
		{9566B973-CDC3-41F9-8AE8-1104627B216B}.Debug|iPhone.Build.0 = Debug|iPhone
		{9566B973-CDC3-41F9-8AE8-1104627B216B}.Debug|iPhoneSimulator.ActiveCfg = Debug|iPhoneSimulator
		{9566B973-CDC3-41F9-8AE8-1104627B216B}.Debug|iPhoneSimulator.Build.0 = Debug|iPhoneSimulator
		{9566B973-CDC3-41F9-8AE8-1104627B216B}.Debug|x64.ActiveCfg = Debug|iPhoneSimulator
		{9566B973-CDC3-41F9-8AE8-1104627B216B}.Debug|x86.ActiveCfg = Debug|iPhoneSimulator
		{9566B973-CDC3-41F9-8AE8-1104627B216B}.Release|Any CPU.ActiveCfg = Release|iPhoneSimulator
		{9566B973-CDC3-41F9-8AE8-1104627B216B}.Release|ARM.ActiveCfg = Release|iPhoneSimulator
		{9566B973-CDC3-41F9-8AE8-1104627B216B}.Release|ARM64.ActiveCfg = Release|iPhoneSimulator
		{9566B973-CDC3-41F9-8AE8-1104627B216B}.Release|iPhone.ActiveCfg = Release|iPhone
		{9566B973-CDC3-41F9-8AE8-1104627B216B}.Release|iPhone.Build.0 = Release|iPhone
		{9566B973-CDC3-41F9-8AE8-1104627B216B}.Release|iPhoneSimulator.ActiveCfg = Release|iPhoneSimulator
		{9566B973-CDC3-41F9-8AE8-1104627B216B}.Release|iPhoneSimulator.Build.0 = Release|iPhoneSimulator
		{9566B973-CDC3-41F9-8AE8-1104627B216B}.Release|x64.ActiveCfg = Release|iPhoneSimulator
		{9566B973-CDC3-41F9-8AE8-1104627B216B}.Release|x86.ActiveCfg = Release|iPhoneSimulator
		{0C9A7623-3176-4991-BE4E-BF53F8D6F9EA}.Ad-Hoc|Any CPU.ActiveCfg = Debug|x86
		{0C9A7623-3176-4991-BE4E-BF53F8D6F9EA}.Ad-Hoc|Any CPU.Build.0 = Debug|x86
		{0C9A7623-3176-4991-BE4E-BF53F8D6F9EA}.Ad-Hoc|Any CPU.Deploy.0 = Debug|x86
		{0C9A7623-3176-4991-BE4E-BF53F8D6F9EA}.Ad-Hoc|ARM.ActiveCfg = Debug|ARM
		{0C9A7623-3176-4991-BE4E-BF53F8D6F9EA}.Ad-Hoc|ARM.Build.0 = Debug|ARM
		{0C9A7623-3176-4991-BE4E-BF53F8D6F9EA}.Ad-Hoc|ARM.Deploy.0 = Debug|ARM
		{0C9A7623-3176-4991-BE4E-BF53F8D6F9EA}.Ad-Hoc|ARM64.ActiveCfg = Debug|ARM64
		{0C9A7623-3176-4991-BE4E-BF53F8D6F9EA}.Ad-Hoc|ARM64.Build.0 = Debug|ARM64
		{0C9A7623-3176-4991-BE4E-BF53F8D6F9EA}.Ad-Hoc|ARM64.Deploy.0 = Debug|ARM64
		{0C9A7623-3176-4991-BE4E-BF53F8D6F9EA}.Ad-Hoc|iPhone.ActiveCfg = Debug|x86
		{0C9A7623-3176-4991-BE4E-BF53F8D6F9EA}.Ad-Hoc|iPhone.Build.0 = Debug|x86
		{0C9A7623-3176-4991-BE4E-BF53F8D6F9EA}.Ad-Hoc|iPhone.Deploy.0 = Debug|x86
		{0C9A7623-3176-4991-BE4E-BF53F8D6F9EA}.Ad-Hoc|iPhoneSimulator.ActiveCfg = Debug|x86
		{0C9A7623-3176-4991-BE4E-BF53F8D6F9EA}.Ad-Hoc|iPhoneSimulator.Build.0 = Debug|x86
		{0C9A7623-3176-4991-BE4E-BF53F8D6F9EA}.Ad-Hoc|iPhoneSimulator.Deploy.0 = Debug|x86
		{0C9A7623-3176-4991-BE4E-BF53F8D6F9EA}.Ad-Hoc|x64.ActiveCfg = Debug|x64
		{0C9A7623-3176-4991-BE4E-BF53F8D6F9EA}.Ad-Hoc|x64.Build.0 = Debug|x64
		{0C9A7623-3176-4991-BE4E-BF53F8D6F9EA}.Ad-Hoc|x64.Deploy.0 = Debug|x64
		{0C9A7623-3176-4991-BE4E-BF53F8D6F9EA}.Ad-Hoc|x86.ActiveCfg = Debug|x86
		{0C9A7623-3176-4991-BE4E-BF53F8D6F9EA}.Ad-Hoc|x86.Build.0 = Debug|x86
		{0C9A7623-3176-4991-BE4E-BF53F8D6F9EA}.Ad-Hoc|x86.Deploy.0 = Debug|x86
		{0C9A7623-3176-4991-BE4E-BF53F8D6F9EA}.AppStore|Any CPU.ActiveCfg = Debug|x86
		{0C9A7623-3176-4991-BE4E-BF53F8D6F9EA}.AppStore|Any CPU.Build.0 = Debug|x86
		{0C9A7623-3176-4991-BE4E-BF53F8D6F9EA}.AppStore|Any CPU.Deploy.0 = Debug|x86
		{0C9A7623-3176-4991-BE4E-BF53F8D6F9EA}.AppStore|ARM.ActiveCfg = Debug|ARM
		{0C9A7623-3176-4991-BE4E-BF53F8D6F9EA}.AppStore|ARM.Build.0 = Debug|ARM
		{0C9A7623-3176-4991-BE4E-BF53F8D6F9EA}.AppStore|ARM.Deploy.0 = Debug|ARM
		{0C9A7623-3176-4991-BE4E-BF53F8D6F9EA}.AppStore|ARM64.ActiveCfg = Debug|ARM64
		{0C9A7623-3176-4991-BE4E-BF53F8D6F9EA}.AppStore|ARM64.Build.0 = Debug|ARM64
		{0C9A7623-3176-4991-BE4E-BF53F8D6F9EA}.AppStore|ARM64.Deploy.0 = Debug|ARM64
		{0C9A7623-3176-4991-BE4E-BF53F8D6F9EA}.AppStore|iPhone.ActiveCfg = Debug|x86
		{0C9A7623-3176-4991-BE4E-BF53F8D6F9EA}.AppStore|iPhone.Build.0 = Debug|x86
		{0C9A7623-3176-4991-BE4E-BF53F8D6F9EA}.AppStore|iPhone.Deploy.0 = Debug|x86
		{0C9A7623-3176-4991-BE4E-BF53F8D6F9EA}.AppStore|iPhoneSimulator.ActiveCfg = Debug|x86
		{0C9A7623-3176-4991-BE4E-BF53F8D6F9EA}.AppStore|iPhoneSimulator.Build.0 = Debug|x86
		{0C9A7623-3176-4991-BE4E-BF53F8D6F9EA}.AppStore|iPhoneSimulator.Deploy.0 = Debug|x86
		{0C9A7623-3176-4991-BE4E-BF53F8D6F9EA}.AppStore|x64.ActiveCfg = Debug|x64
		{0C9A7623-3176-4991-BE4E-BF53F8D6F9EA}.AppStore|x64.Build.0 = Debug|x64
		{0C9A7623-3176-4991-BE4E-BF53F8D6F9EA}.AppStore|x64.Deploy.0 = Debug|x64
		{0C9A7623-3176-4991-BE4E-BF53F8D6F9EA}.AppStore|x86.ActiveCfg = Debug|x86
		{0C9A7623-3176-4991-BE4E-BF53F8D6F9EA}.AppStore|x86.Build.0 = Debug|x86
		{0C9A7623-3176-4991-BE4E-BF53F8D6F9EA}.AppStore|x86.Deploy.0 = Debug|x86
		{0C9A7623-3176-4991-BE4E-BF53F8D6F9EA}.Debug|Any CPU.ActiveCfg = Debug|x86
		{0C9A7623-3176-4991-BE4E-BF53F8D6F9EA}.Debug|Any CPU.Build.0 = Debug|x86
		{0C9A7623-3176-4991-BE4E-BF53F8D6F9EA}.Debug|Any CPU.Deploy.0 = Debug|x86
		{0C9A7623-3176-4991-BE4E-BF53F8D6F9EA}.Debug|ARM.ActiveCfg = Debug|ARM
		{0C9A7623-3176-4991-BE4E-BF53F8D6F9EA}.Debug|ARM.Build.0 = Debug|ARM
		{0C9A7623-3176-4991-BE4E-BF53F8D6F9EA}.Debug|ARM.Deploy.0 = Debug|ARM
		{0C9A7623-3176-4991-BE4E-BF53F8D6F9EA}.Debug|ARM64.ActiveCfg = Debug|ARM64
		{0C9A7623-3176-4991-BE4E-BF53F8D6F9EA}.Debug|ARM64.Build.0 = Debug|ARM64
		{0C9A7623-3176-4991-BE4E-BF53F8D6F9EA}.Debug|ARM64.Deploy.0 = Debug|ARM64
		{0C9A7623-3176-4991-BE4E-BF53F8D6F9EA}.Debug|iPhone.ActiveCfg = Debug|x86
		{0C9A7623-3176-4991-BE4E-BF53F8D6F9EA}.Debug|iPhoneSimulator.ActiveCfg = Debug|x86
		{0C9A7623-3176-4991-BE4E-BF53F8D6F9EA}.Debug|x64.ActiveCfg = Debug|x64
		{0C9A7623-3176-4991-BE4E-BF53F8D6F9EA}.Debug|x64.Build.0 = Debug|x64
		{0C9A7623-3176-4991-BE4E-BF53F8D6F9EA}.Debug|x64.Deploy.0 = Debug|x64
		{0C9A7623-3176-4991-BE4E-BF53F8D6F9EA}.Debug|x86.ActiveCfg = Debug|x86
		{0C9A7623-3176-4991-BE4E-BF53F8D6F9EA}.Debug|x86.Build.0 = Debug|x86
		{0C9A7623-3176-4991-BE4E-BF53F8D6F9EA}.Debug|x86.Deploy.0 = Debug|x86
		{0C9A7623-3176-4991-BE4E-BF53F8D6F9EA}.Release|Any CPU.ActiveCfg = Release|x86
		{0C9A7623-3176-4991-BE4E-BF53F8D6F9EA}.Release|ARM.ActiveCfg = Release|ARM
		{0C9A7623-3176-4991-BE4E-BF53F8D6F9EA}.Release|ARM.Build.0 = Release|ARM
		{0C9A7623-3176-4991-BE4E-BF53F8D6F9EA}.Release|ARM.Deploy.0 = Release|ARM
		{0C9A7623-3176-4991-BE4E-BF53F8D6F9EA}.Release|ARM64.ActiveCfg = Release|ARM64
		{0C9A7623-3176-4991-BE4E-BF53F8D6F9EA}.Release|ARM64.Build.0 = Release|ARM64
		{0C9A7623-3176-4991-BE4E-BF53F8D6F9EA}.Release|ARM64.Deploy.0 = Release|ARM64
		{0C9A7623-3176-4991-BE4E-BF53F8D6F9EA}.Release|iPhone.ActiveCfg = Release|x86
		{0C9A7623-3176-4991-BE4E-BF53F8D6F9EA}.Release|iPhoneSimulator.ActiveCfg = Release|x86
		{0C9A7623-3176-4991-BE4E-BF53F8D6F9EA}.Release|x64.ActiveCfg = Release|x64
		{0C9A7623-3176-4991-BE4E-BF53F8D6F9EA}.Release|x64.Build.0 = Release|x64
		{0C9A7623-3176-4991-BE4E-BF53F8D6F9EA}.Release|x64.Deploy.0 = Release|x64
		{0C9A7623-3176-4991-BE4E-BF53F8D6F9EA}.Release|x86.ActiveCfg = Release|x86
		{0C9A7623-3176-4991-BE4E-BF53F8D6F9EA}.Release|x86.Build.0 = Release|x86
		{0C9A7623-3176-4991-BE4E-BF53F8D6F9EA}.Release|x86.Deploy.0 = Release|x86
		{20CBB40D-4083-49EF-96CC-DC4E5D9413D8}.Ad-Hoc|Any CPU.ActiveCfg = Debug|Any CPU
		{20CBB40D-4083-49EF-96CC-DC4E5D9413D8}.Ad-Hoc|Any CPU.Build.0 = Debug|Any CPU
		{20CBB40D-4083-49EF-96CC-DC4E5D9413D8}.Ad-Hoc|ARM.ActiveCfg = Debug|Any CPU
		{20CBB40D-4083-49EF-96CC-DC4E5D9413D8}.Ad-Hoc|ARM.Build.0 = Debug|Any CPU
		{20CBB40D-4083-49EF-96CC-DC4E5D9413D8}.Ad-Hoc|ARM64.ActiveCfg = Debug|Any CPU
		{20CBB40D-4083-49EF-96CC-DC4E5D9413D8}.Ad-Hoc|ARM64.Build.0 = Debug|Any CPU
		{20CBB40D-4083-49EF-96CC-DC4E5D9413D8}.Ad-Hoc|iPhone.ActiveCfg = Debug|Any CPU
		{20CBB40D-4083-49EF-96CC-DC4E5D9413D8}.Ad-Hoc|iPhone.Build.0 = Debug|Any CPU
		{20CBB40D-4083-49EF-96CC-DC4E5D9413D8}.Ad-Hoc|iPhoneSimulator.ActiveCfg = Debug|Any CPU
		{20CBB40D-4083-49EF-96CC-DC4E5D9413D8}.Ad-Hoc|iPhoneSimulator.Build.0 = Debug|Any CPU
		{20CBB40D-4083-49EF-96CC-DC4E5D9413D8}.Ad-Hoc|x64.ActiveCfg = Debug|Any CPU
		{20CBB40D-4083-49EF-96CC-DC4E5D9413D8}.Ad-Hoc|x64.Build.0 = Debug|Any CPU
		{20CBB40D-4083-49EF-96CC-DC4E5D9413D8}.Ad-Hoc|x86.ActiveCfg = Debug|Any CPU
		{20CBB40D-4083-49EF-96CC-DC4E5D9413D8}.Ad-Hoc|x86.Build.0 = Debug|Any CPU
		{20CBB40D-4083-49EF-96CC-DC4E5D9413D8}.AppStore|Any CPU.ActiveCfg = Debug|Any CPU
		{20CBB40D-4083-49EF-96CC-DC4E5D9413D8}.AppStore|Any CPU.Build.0 = Debug|Any CPU
		{20CBB40D-4083-49EF-96CC-DC4E5D9413D8}.AppStore|ARM.ActiveCfg = Debug|Any CPU
		{20CBB40D-4083-49EF-96CC-DC4E5D9413D8}.AppStore|ARM.Build.0 = Debug|Any CPU
		{20CBB40D-4083-49EF-96CC-DC4E5D9413D8}.AppStore|ARM64.ActiveCfg = Debug|Any CPU
		{20CBB40D-4083-49EF-96CC-DC4E5D9413D8}.AppStore|ARM64.Build.0 = Debug|Any CPU
		{20CBB40D-4083-49EF-96CC-DC4E5D9413D8}.AppStore|iPhone.ActiveCfg = Debug|Any CPU
		{20CBB40D-4083-49EF-96CC-DC4E5D9413D8}.AppStore|iPhone.Build.0 = Debug|Any CPU
		{20CBB40D-4083-49EF-96CC-DC4E5D9413D8}.AppStore|iPhoneSimulator.ActiveCfg = Debug|Any CPU
		{20CBB40D-4083-49EF-96CC-DC4E5D9413D8}.AppStore|iPhoneSimulator.Build.0 = Debug|Any CPU
		{20CBB40D-4083-49EF-96CC-DC4E5D9413D8}.AppStore|x64.ActiveCfg = Debug|Any CPU
		{20CBB40D-4083-49EF-96CC-DC4E5D9413D8}.AppStore|x64.Build.0 = Debug|Any CPU
		{20CBB40D-4083-49EF-96CC-DC4E5D9413D8}.AppStore|x86.ActiveCfg = Debug|Any CPU
		{20CBB40D-4083-49EF-96CC-DC4E5D9413D8}.AppStore|x86.Build.0 = Debug|Any CPU
		{20CBB40D-4083-49EF-96CC-DC4E5D9413D8}.Debug|Any CPU.ActiveCfg = Debug|Any CPU
		{20CBB40D-4083-49EF-96CC-DC4E5D9413D8}.Debug|Any CPU.Build.0 = Debug|Any CPU
		{20CBB40D-4083-49EF-96CC-DC4E5D9413D8}.Debug|ARM.ActiveCfg = Debug|Any CPU
		{20CBB40D-4083-49EF-96CC-DC4E5D9413D8}.Debug|ARM.Build.0 = Debug|Any CPU
		{20CBB40D-4083-49EF-96CC-DC4E5D9413D8}.Debug|ARM64.ActiveCfg = Debug|Any CPU
		{20CBB40D-4083-49EF-96CC-DC4E5D9413D8}.Debug|ARM64.Build.0 = Debug|Any CPU
		{20CBB40D-4083-49EF-96CC-DC4E5D9413D8}.Debug|iPhone.ActiveCfg = Debug|Any CPU
		{20CBB40D-4083-49EF-96CC-DC4E5D9413D8}.Debug|iPhone.Build.0 = Debug|Any CPU
		{20CBB40D-4083-49EF-96CC-DC4E5D9413D8}.Debug|iPhoneSimulator.ActiveCfg = Debug|Any CPU
		{20CBB40D-4083-49EF-96CC-DC4E5D9413D8}.Debug|iPhoneSimulator.Build.0 = Debug|Any CPU
		{20CBB40D-4083-49EF-96CC-DC4E5D9413D8}.Debug|x64.ActiveCfg = Debug|Any CPU
		{20CBB40D-4083-49EF-96CC-DC4E5D9413D8}.Debug|x64.Build.0 = Debug|Any CPU
		{20CBB40D-4083-49EF-96CC-DC4E5D9413D8}.Debug|x86.ActiveCfg = Debug|Any CPU
		{20CBB40D-4083-49EF-96CC-DC4E5D9413D8}.Debug|x86.Build.0 = Debug|Any CPU
		{20CBB40D-4083-49EF-96CC-DC4E5D9413D8}.Release|Any CPU.ActiveCfg = Release|Any CPU
		{20CBB40D-4083-49EF-96CC-DC4E5D9413D8}.Release|Any CPU.Build.0 = Release|Any CPU
		{20CBB40D-4083-49EF-96CC-DC4E5D9413D8}.Release|ARM.ActiveCfg = Release|Any CPU
		{20CBB40D-4083-49EF-96CC-DC4E5D9413D8}.Release|ARM.Build.0 = Release|Any CPU
		{20CBB40D-4083-49EF-96CC-DC4E5D9413D8}.Release|ARM64.ActiveCfg = Release|Any CPU
		{20CBB40D-4083-49EF-96CC-DC4E5D9413D8}.Release|ARM64.Build.0 = Release|Any CPU
		{20CBB40D-4083-49EF-96CC-DC4E5D9413D8}.Release|iPhone.ActiveCfg = Release|Any CPU
		{20CBB40D-4083-49EF-96CC-DC4E5D9413D8}.Release|iPhone.Build.0 = Release|Any CPU
		{20CBB40D-4083-49EF-96CC-DC4E5D9413D8}.Release|iPhoneSimulator.ActiveCfg = Release|Any CPU
		{20CBB40D-4083-49EF-96CC-DC4E5D9413D8}.Release|iPhoneSimulator.Build.0 = Release|Any CPU
		{20CBB40D-4083-49EF-96CC-DC4E5D9413D8}.Release|x64.ActiveCfg = Release|Any CPU
		{20CBB40D-4083-49EF-96CC-DC4E5D9413D8}.Release|x64.Build.0 = Release|Any CPU
		{20CBB40D-4083-49EF-96CC-DC4E5D9413D8}.Release|x86.ActiveCfg = Release|Any CPU
		{20CBB40D-4083-49EF-96CC-DC4E5D9413D8}.Release|x86.Build.0 = Release|Any CPU
		{CC74D715-F6B9-41D6-A2C5-2AF37C0C58CE}.Ad-Hoc|Any CPU.ActiveCfg = Debug|iPhoneSimulator
		{CC74D715-F6B9-41D6-A2C5-2AF37C0C58CE}.Ad-Hoc|Any CPU.Build.0 = Debug|iPhoneSimulator
		{CC74D715-F6B9-41D6-A2C5-2AF37C0C58CE}.Ad-Hoc|ARM.ActiveCfg = Debug|iPhoneSimulator
		{CC74D715-F6B9-41D6-A2C5-2AF37C0C58CE}.Ad-Hoc|ARM.Build.0 = Debug|iPhoneSimulator
		{CC74D715-F6B9-41D6-A2C5-2AF37C0C58CE}.Ad-Hoc|ARM64.ActiveCfg = Debug|iPhoneSimulator
		{CC74D715-F6B9-41D6-A2C5-2AF37C0C58CE}.Ad-Hoc|ARM64.Build.0 = Debug|iPhoneSimulator
		{CC74D715-F6B9-41D6-A2C5-2AF37C0C58CE}.Ad-Hoc|iPhone.ActiveCfg = Debug|iPhoneSimulator
		{CC74D715-F6B9-41D6-A2C5-2AF37C0C58CE}.Ad-Hoc|iPhone.Build.0 = Debug|iPhoneSimulator
		{CC74D715-F6B9-41D6-A2C5-2AF37C0C58CE}.Ad-Hoc|iPhoneSimulator.ActiveCfg = Debug|iPhoneSimulator
		{CC74D715-F6B9-41D6-A2C5-2AF37C0C58CE}.Ad-Hoc|iPhoneSimulator.Build.0 = Debug|iPhoneSimulator
		{CC74D715-F6B9-41D6-A2C5-2AF37C0C58CE}.Ad-Hoc|x64.ActiveCfg = Debug|iPhoneSimulator
		{CC74D715-F6B9-41D6-A2C5-2AF37C0C58CE}.Ad-Hoc|x64.Build.0 = Debug|iPhoneSimulator
		{CC74D715-F6B9-41D6-A2C5-2AF37C0C58CE}.Ad-Hoc|x86.ActiveCfg = Debug|iPhoneSimulator
		{CC74D715-F6B9-41D6-A2C5-2AF37C0C58CE}.Ad-Hoc|x86.Build.0 = Debug|iPhoneSimulator
		{CC74D715-F6B9-41D6-A2C5-2AF37C0C58CE}.AppStore|Any CPU.ActiveCfg = Debug|iPhoneSimulator
		{CC74D715-F6B9-41D6-A2C5-2AF37C0C58CE}.AppStore|Any CPU.Build.0 = Debug|iPhoneSimulator
		{CC74D715-F6B9-41D6-A2C5-2AF37C0C58CE}.AppStore|ARM.ActiveCfg = Debug|iPhoneSimulator
		{CC74D715-F6B9-41D6-A2C5-2AF37C0C58CE}.AppStore|ARM.Build.0 = Debug|iPhoneSimulator
		{CC74D715-F6B9-41D6-A2C5-2AF37C0C58CE}.AppStore|ARM64.ActiveCfg = Debug|iPhoneSimulator
		{CC74D715-F6B9-41D6-A2C5-2AF37C0C58CE}.AppStore|ARM64.Build.0 = Debug|iPhoneSimulator
		{CC74D715-F6B9-41D6-A2C5-2AF37C0C58CE}.AppStore|iPhone.ActiveCfg = Debug|iPhoneSimulator
		{CC74D715-F6B9-41D6-A2C5-2AF37C0C58CE}.AppStore|iPhone.Build.0 = Debug|iPhoneSimulator
		{CC74D715-F6B9-41D6-A2C5-2AF37C0C58CE}.AppStore|iPhoneSimulator.ActiveCfg = Debug|iPhoneSimulator
		{CC74D715-F6B9-41D6-A2C5-2AF37C0C58CE}.AppStore|iPhoneSimulator.Build.0 = Debug|iPhoneSimulator
		{CC74D715-F6B9-41D6-A2C5-2AF37C0C58CE}.AppStore|x64.ActiveCfg = Debug|iPhoneSimulator
		{CC74D715-F6B9-41D6-A2C5-2AF37C0C58CE}.AppStore|x64.Build.0 = Debug|iPhoneSimulator
		{CC74D715-F6B9-41D6-A2C5-2AF37C0C58CE}.AppStore|x86.ActiveCfg = Debug|iPhoneSimulator
		{CC74D715-F6B9-41D6-A2C5-2AF37C0C58CE}.AppStore|x86.Build.0 = Debug|iPhoneSimulator
		{CC74D715-F6B9-41D6-A2C5-2AF37C0C58CE}.Debug|Any CPU.ActiveCfg = Debug|iPhoneSimulator
		{CC74D715-F6B9-41D6-A2C5-2AF37C0C58CE}.Debug|ARM.ActiveCfg = Debug|iPhoneSimulator
		{CC74D715-F6B9-41D6-A2C5-2AF37C0C58CE}.Debug|ARM64.ActiveCfg = Debug|iPhoneSimulator
		{CC74D715-F6B9-41D6-A2C5-2AF37C0C58CE}.Debug|iPhone.ActiveCfg = Debug|iPhoneSimulator
		{CC74D715-F6B9-41D6-A2C5-2AF37C0C58CE}.Debug|iPhoneSimulator.ActiveCfg = Debug|iPhoneSimulator
		{CC74D715-F6B9-41D6-A2C5-2AF37C0C58CE}.Debug|iPhoneSimulator.Build.0 = Debug|iPhoneSimulator
		{CC74D715-F6B9-41D6-A2C5-2AF37C0C58CE}.Debug|x64.ActiveCfg = Debug|iPhoneSimulator
		{CC74D715-F6B9-41D6-A2C5-2AF37C0C58CE}.Debug|x86.ActiveCfg = Debug|iPhoneSimulator
		{CC74D715-F6B9-41D6-A2C5-2AF37C0C58CE}.Release|Any CPU.ActiveCfg = Release|iPhoneSimulator
		{CC74D715-F6B9-41D6-A2C5-2AF37C0C58CE}.Release|ARM.ActiveCfg = Release|iPhoneSimulator
		{CC74D715-F6B9-41D6-A2C5-2AF37C0C58CE}.Release|ARM64.ActiveCfg = Release|iPhoneSimulator
		{CC74D715-F6B9-41D6-A2C5-2AF37C0C58CE}.Release|iPhone.ActiveCfg = Release|iPhoneSimulator
		{CC74D715-F6B9-41D6-A2C5-2AF37C0C58CE}.Release|iPhoneSimulator.ActiveCfg = Release|iPhoneSimulator
		{CC74D715-F6B9-41D6-A2C5-2AF37C0C58CE}.Release|iPhoneSimulator.Build.0 = Release|iPhoneSimulator
		{CC74D715-F6B9-41D6-A2C5-2AF37C0C58CE}.Release|x64.ActiveCfg = Release|iPhoneSimulator
		{CC74D715-F6B9-41D6-A2C5-2AF37C0C58CE}.Release|x86.ActiveCfg = Release|iPhoneSimulator
		{935013F8-8035-43E9-AE1B-222C568FA0D3}.Ad-Hoc|Any CPU.ActiveCfg = Debug|Any CPU
		{935013F8-8035-43E9-AE1B-222C568FA0D3}.Ad-Hoc|Any CPU.Build.0 = Debug|Any CPU
		{935013F8-8035-43E9-AE1B-222C568FA0D3}.Ad-Hoc|ARM.ActiveCfg = Debug|Any CPU
		{935013F8-8035-43E9-AE1B-222C568FA0D3}.Ad-Hoc|ARM.Build.0 = Debug|Any CPU
		{935013F8-8035-43E9-AE1B-222C568FA0D3}.Ad-Hoc|ARM64.ActiveCfg = Debug|Any CPU
		{935013F8-8035-43E9-AE1B-222C568FA0D3}.Ad-Hoc|ARM64.Build.0 = Debug|Any CPU
		{935013F8-8035-43E9-AE1B-222C568FA0D3}.Ad-Hoc|iPhone.ActiveCfg = Debug|Any CPU
		{935013F8-8035-43E9-AE1B-222C568FA0D3}.Ad-Hoc|iPhone.Build.0 = Debug|Any CPU
		{935013F8-8035-43E9-AE1B-222C568FA0D3}.Ad-Hoc|iPhoneSimulator.ActiveCfg = Debug|Any CPU
		{935013F8-8035-43E9-AE1B-222C568FA0D3}.Ad-Hoc|iPhoneSimulator.Build.0 = Debug|Any CPU
		{935013F8-8035-43E9-AE1B-222C568FA0D3}.Ad-Hoc|x64.ActiveCfg = Debug|Any CPU
		{935013F8-8035-43E9-AE1B-222C568FA0D3}.Ad-Hoc|x64.Build.0 = Debug|Any CPU
		{935013F8-8035-43E9-AE1B-222C568FA0D3}.Ad-Hoc|x86.ActiveCfg = Debug|Any CPU
		{935013F8-8035-43E9-AE1B-222C568FA0D3}.Ad-Hoc|x86.Build.0 = Debug|Any CPU
		{935013F8-8035-43E9-AE1B-222C568FA0D3}.AppStore|Any CPU.ActiveCfg = Debug|Any CPU
		{935013F8-8035-43E9-AE1B-222C568FA0D3}.AppStore|Any CPU.Build.0 = Debug|Any CPU
		{935013F8-8035-43E9-AE1B-222C568FA0D3}.AppStore|ARM.ActiveCfg = Debug|Any CPU
		{935013F8-8035-43E9-AE1B-222C568FA0D3}.AppStore|ARM.Build.0 = Debug|Any CPU
		{935013F8-8035-43E9-AE1B-222C568FA0D3}.AppStore|ARM64.ActiveCfg = Debug|Any CPU
		{935013F8-8035-43E9-AE1B-222C568FA0D3}.AppStore|ARM64.Build.0 = Debug|Any CPU
		{935013F8-8035-43E9-AE1B-222C568FA0D3}.AppStore|iPhone.ActiveCfg = Debug|Any CPU
		{935013F8-8035-43E9-AE1B-222C568FA0D3}.AppStore|iPhone.Build.0 = Debug|Any CPU
		{935013F8-8035-43E9-AE1B-222C568FA0D3}.AppStore|iPhoneSimulator.ActiveCfg = Debug|Any CPU
		{935013F8-8035-43E9-AE1B-222C568FA0D3}.AppStore|iPhoneSimulator.Build.0 = Debug|Any CPU
		{935013F8-8035-43E9-AE1B-222C568FA0D3}.AppStore|x64.ActiveCfg = Debug|Any CPU
		{935013F8-8035-43E9-AE1B-222C568FA0D3}.AppStore|x64.Build.0 = Debug|Any CPU
		{935013F8-8035-43E9-AE1B-222C568FA0D3}.AppStore|x86.ActiveCfg = Debug|Any CPU
		{935013F8-8035-43E9-AE1B-222C568FA0D3}.AppStore|x86.Build.0 = Debug|Any CPU
		{935013F8-8035-43E9-AE1B-222C568FA0D3}.Debug|Any CPU.ActiveCfg = Debug|Any CPU
		{935013F8-8035-43E9-AE1B-222C568FA0D3}.Debug|Any CPU.Build.0 = Debug|Any CPU
		{935013F8-8035-43E9-AE1B-222C568FA0D3}.Debug|ARM.ActiveCfg = Debug|Any CPU
		{935013F8-8035-43E9-AE1B-222C568FA0D3}.Debug|ARM.Build.0 = Debug|Any CPU
		{935013F8-8035-43E9-AE1B-222C568FA0D3}.Debug|ARM64.ActiveCfg = Debug|Any CPU
		{935013F8-8035-43E9-AE1B-222C568FA0D3}.Debug|ARM64.Build.0 = Debug|Any CPU
		{935013F8-8035-43E9-AE1B-222C568FA0D3}.Debug|iPhone.ActiveCfg = Debug|Any CPU
		{935013F8-8035-43E9-AE1B-222C568FA0D3}.Debug|iPhone.Build.0 = Debug|Any CPU
		{935013F8-8035-43E9-AE1B-222C568FA0D3}.Debug|iPhoneSimulator.ActiveCfg = Debug|Any CPU
		{935013F8-8035-43E9-AE1B-222C568FA0D3}.Debug|iPhoneSimulator.Build.0 = Debug|Any CPU
		{935013F8-8035-43E9-AE1B-222C568FA0D3}.Debug|x64.ActiveCfg = Debug|Any CPU
		{935013F8-8035-43E9-AE1B-222C568FA0D3}.Debug|x64.Build.0 = Debug|Any CPU
		{935013F8-8035-43E9-AE1B-222C568FA0D3}.Debug|x86.ActiveCfg = Debug|Any CPU
		{935013F8-8035-43E9-AE1B-222C568FA0D3}.Debug|x86.Build.0 = Debug|Any CPU
		{935013F8-8035-43E9-AE1B-222C568FA0D3}.Release|Any CPU.ActiveCfg = Release|Any CPU
		{935013F8-8035-43E9-AE1B-222C568FA0D3}.Release|Any CPU.Build.0 = Release|Any CPU
		{935013F8-8035-43E9-AE1B-222C568FA0D3}.Release|ARM.ActiveCfg = Release|Any CPU
		{935013F8-8035-43E9-AE1B-222C568FA0D3}.Release|ARM.Build.0 = Release|Any CPU
		{935013F8-8035-43E9-AE1B-222C568FA0D3}.Release|ARM64.ActiveCfg = Release|Any CPU
		{935013F8-8035-43E9-AE1B-222C568FA0D3}.Release|ARM64.Build.0 = Release|Any CPU
		{935013F8-8035-43E9-AE1B-222C568FA0D3}.Release|iPhone.ActiveCfg = Release|Any CPU
		{935013F8-8035-43E9-AE1B-222C568FA0D3}.Release|iPhone.Build.0 = Release|Any CPU
		{935013F8-8035-43E9-AE1B-222C568FA0D3}.Release|iPhoneSimulator.ActiveCfg = Release|Any CPU
		{935013F8-8035-43E9-AE1B-222C568FA0D3}.Release|iPhoneSimulator.Build.0 = Release|Any CPU
		{935013F8-8035-43E9-AE1B-222C568FA0D3}.Release|x64.ActiveCfg = Release|Any CPU
		{935013F8-8035-43E9-AE1B-222C568FA0D3}.Release|x64.Build.0 = Release|Any CPU
		{935013F8-8035-43E9-AE1B-222C568FA0D3}.Release|x86.ActiveCfg = Release|Any CPU
		{935013F8-8035-43E9-AE1B-222C568FA0D3}.Release|x86.Build.0 = Release|Any CPU
	EndGlobalSection
	GlobalSection(SolutionProperties) = preSolution
		HideSolutionNode = FALSE
	EndGlobalSection
	GlobalSection(NestedProjects) = preSolution
		{211AABC7-98DE-494E-9842-754271A994BD} = {6775EFC4-CB71-4D5B-A77A-6B5E74419B30}
		{9566B973-CDC3-41F9-8AE8-1104627B216B} = {6775EFC4-CB71-4D5B-A77A-6B5E74419B30}
		{0C9A7623-3176-4991-BE4E-BF53F8D6F9EA} = {6775EFC4-CB71-4D5B-A77A-6B5E74419B30}
		{20CBB40D-4083-49EF-96CC-DC4E5D9413D8} = {6775EFC4-CB71-4D5B-A77A-6B5E74419B30}
		{CC74D715-F6B9-41D6-A2C5-2AF37C0C58CE} = {6775EFC4-CB71-4D5B-A77A-6B5E74419B30}
		{935013F8-8035-43E9-AE1B-222C568FA0D3} = {6775EFC4-CB71-4D5B-A77A-6B5E74419B30}
	EndGlobalSection
	GlobalSection(ExtensibilityGlobals) = postSolution
		SolutionGuid = {36BFD9ED-FB1F-4A37-9B60-C5567765441F}
	EndGlobalSection
EndGlobal
